
Microsoft Visual Studio Solution File, Format Version 12.00
# Visual Studio Version 17
VisualStudioVersion = 17.7.34024.191
MinimumVisualStudioVersion = 10.0.40219.1
Project("{FAE04EC0-301F-11D3-BF4B-00C04F79EFBC}") = "UseCaseOne", "UseCaseOne\UseCaseOne.csproj", "{EFD496C6-4584-4448-BCB0-8A6FAF84231C}"
EndProject
Project("{FAE04EC0-301F-11D3-BF4B-00C04F79EFBC}") = "Application", "Application\Application.csproj", "{C06E7E5B-F5C1-4804-893E-18A15B9739AF}"
EndProject
Project("{FAE04EC0-301F-11D3-BF4B-00C04F79EFBC}") = "Domain", "Domain\Domain.csproj", "{F81A1C06-395A-451A-AF51-10F0D77FE805}"
EndProject
Project("{FAE04EC0-301F-11D3-BF4B-00C04F79EFBC}") = "Infrastructure", "Infrastructure\Infrastructure.csproj", "{2C801810-9DC9-493E-A526-A0E735697A01}"
EndProject
Project("{FAE04EC0-301F-11D3-BF4B-00C04F79EFBC}") = "Tests", "Tests\Tests.csproj", "{AB9492AF-259C-4A5B-8110-0087012188BF}"
EndProject
Global
	GlobalSection(SolutionConfigurationPlatforms) = preSolution
		Debug|Any CPU = Debug|Any CPU
		Release|Any CPU = Release|Any CPU
	EndGlobalSection
	GlobalSection(ProjectConfigurationPlatforms) = postSolution
		{EFD496C6-4584-4448-BCB0-8A6FAF84231C}.Debug|Any CPU.ActiveCfg = Debug|Any CPU
		{EFD496C6-4584-4448-BCB0-8A6FAF84231C}.Debug|Any CPU.Build.0 = Debug|Any CPU
		{EFD496C6-4584-4448-BCB0-8A6FAF84231C}.Release|Any CPU.ActiveCfg = Release|Any CPU
		{EFD496C6-4584-4448-BCB0-8A6FAF84231C}.Release|Any CPU.Build.0 = Release|Any CPU
		{C06E7E5B-F5C1-4804-893E-18A15B9739AF}.Debug|Any CPU.ActiveCfg = Debug|Any CPU
		{C06E7E5B-F5C1-4804-893E-18A15B9739AF}.Debug|Any CPU.Build.0 = Debug|Any CPU
		{C06E7E5B-F5C1-4804-893E-18A15B9739AF}.Release|Any CPU.ActiveCfg = Release|Any CPU
		{C06E7E5B-F5C1-4804-893E-18A15B9739AF}.Release|Any CPU.Build.0 = Release|Any CPU
		{F81A1C06-395A-451A-AF51-10F0D77FE805}.Debug|Any CPU.ActiveCfg = Debug|Any CPU
		{F81A1C06-395A-451A-AF51-10F0D77FE805}.Debug|Any CPU.Build.0 = Debug|Any CPU
		{F81A1C06-395A-451A-AF51-10F0D77FE805}.Release|Any CPU.ActiveCfg = Release|Any CPU
		{F81A1C06-395A-451A-AF51-10F0D77FE805}.Release|Any CPU.Build.0 = Release|Any CPU
		{2C801810-9DC9-493E-A526-A0E735697A01}.Debug|Any CPU.ActiveCfg = Debug|Any CPU
		{2C801810-9DC9-493E-A526-A0E735697A01}.Debug|Any CPU.Build.0 = Debug|Any CPU
		{2C801810-9DC9-493E-A526-A0E735697A01}.Release|Any CPU.ActiveCfg = Release|Any CPU
		{2C801810-9DC9-493E-A526-A0E735697A01}.Release|Any CPU.Build.0 = Release|Any CPU
		{AB9492AF-259C-4A5B-8110-0087012188BF}.Debug|Any CPU.ActiveCfg = Debug|Any CPU
		{AB9492AF-259C-4A5B-8110-0087012188BF}.Debug|Any CPU.Build.0 = Debug|Any CPU
		{AB9492AF-259C-4A5B-8110-0087012188BF}.Release|Any CPU.ActiveCfg = Release|Any CPU
		{AB9492AF-259C-4A5B-8110-0087012188BF}.Release|Any CPU.Build.0 = Release|Any CPU
	EndGlobalSection
	GlobalSection(SolutionProperties) = preSolution
		HideSolutionNode = FALSE
	EndGlobalSection
	GlobalSection(ExtensibilityGlobals) = postSolution
		SolutionGuid = {B5B75E9A-D623-4478-847E-D19249B95B57}
	EndGlobalSection
EndGlobal
